PODS:
  - DuChatBotFramework (0.1.0)

DEPENDENCIES:
  - DuChatBotFramework (from `../`)

EXTERNAL SOURCES:
  DuChatBotFramework:
    :path: "../"

SPEC CHECKSUMS:
  DuChatBotFramework: 105095a68bcd128457063ffe9f27ad194cf144e4

PODFILE CHECKSUM: 8809b5df31062e3d748c400aaab7bdecb85d5dec

COCOAPODS: 1.10.0
